
Microsoft Visual Studio Solution File, Format Version 12.00
# Visual Studio Version 17
VisualStudioVersion = 17.7.34031.279
MinimumVisualStudioVersion = 10.0.40219.1
Project("{8BC9CEB8-8B4A-11D0-8D11-00A0C91BC942}") = "RR", "RR.vcxproj", "{1CF33B09-DD29-4AF5-B664-066AB3621226}"
EndProject
Global
	GlobalSection(SolutionConfigurationPlatforms) = preSolution
		Debug|x64 = Debug|x64
		Debug|x86 = Debug|x86
		Release|x64 = Release|x64
		Release|x86 = Release|x86
	EndGlobalSection
	GlobalSection(ProjectConfigurationPlatforms) = postSolution
		{1CF33B09-DD29-4AF5-B664-066AB3621226}.Debug|x64.ActiveCfg = Debug|x64
		{1CF33B09-DD29-4AF5-B664-066AB3621226}.Debug|x64.Build.0 = Debug|x64
		{1CF33B09-DD29-4AF5-B664-066AB3621226}.Debug|x86.ActiveCfg = Debug|Win32
		{1CF33B09-DD29-4AF5-B664-066AB3621226}.Debug|x86.Build.0 = Debug|Win32
		{1CF33B09-DD29-4AF5-B664-066AB3621226}.Release|x64.ActiveCfg = Release|x64
		{1CF33B09-DD29-4AF5-B664-066AB3621226}.Release|x64.Build.0 = Release|x64
		{1CF33B09-DD29-4AF5-B664-066AB3621226}.Release|x86.ActiveCfg = Release|Win32
		{1CF33B09-DD29-4AF5-B664-066AB3621226}.Release|x86.Build.0 = Release|Win32
	EndGlobalSection
	GlobalSection(SolutionProperties) = preSolution
		HideSolutionNode = FALSE
	EndGlobalSection
	GlobalSection(ExtensibilityGlobals) = postSolution
		SolutionGuid = {F0294764-46D5-4A98-878A-11604AB18557}
	EndGlobalSection
EndGlobal
